dependencies:
- name: mongodb
  repository: https://charts.bitnami.com/bitnami
  version: 13.6.8
- name: opensearch
  repository: https://opensearch-project.github.io/helm-charts/
  version: 2.20.0
digest: sha256:76e312784883a89815374fd33a6fec1d32444cfa70c7e131e35d4905969fb959
generated: "2024-06-02T16:49:29.733229+02:00"
